
Microsoft Visual Studio Solution File, Format Version 12.00
# Visual Studio 15
VisualStudioVersion = 15.0.27703.2035
MinimumVisualStudioVersion = 10.0.40219.1
Project("{FAE04EC0-301F-11D3-BF4B-00C04F79EFBC}") = "Cmc.Engage.ApiAutomation", "Cmc.Engage.ApiAutomation\Cmc.Engage.ApiAutomation.csproj", "{062B1D5C-6357-445D-8916-87261A1656F5}"
EndProject
Global
	GlobalSection(SolutionConfigurationPlatforms) = preSolution
		Debug|Any CPU = Debug|Any CPU
		Release|Any CPU = Release|Any CPU
	EndGlobalSection
	GlobalSection(ProjectConfigurationPlatforms) = postSolution
		{062B1D5C-6357-445D-8916-87261A1656F5}.Debug|Any CPU.ActiveCfg = Debug|Any CPU
		{062B1D5C-6357-445D-8916-87261A1656F5}.Debug|Any CPU.Build.0 = Debug|Any CPU
		{062B1D5C-6357-445D-8916-87261A1656F5}.Release|Any CPU.ActiveCfg = Release|Any CPU
		{062B1D5C-6357-445D-8916-87261A1656F5}.Release|Any CPU.Build.0 = Release|Any CPU
	EndGlobalSection
	GlobalSection(SolutionProperties) = preSolution
		HideSolutionNode = FALSE
	EndGlobalSection
	GlobalSection(ExtensibilityGlobals) = postSolution
		SolutionGuid = {B79D3B29-5464-42C7-B602-DA66B5165756}
	EndGlobalSection
EndGlobal
