
Microsoft Visual Studio Solution File, Format Version 12.00
# Visual Studio 15
VisualStudioVersion = 15.0.27130.2027
MinimumVisualStudioVersion = 10.0.40219.1
Project("{2150E333-8FDC-42A3-9474-1A3956D46DE8}") = "Deployables", "Deployables", "{D4A1E0AD-0FC2-4834-8A01-F2287F625E89}"
	ProjectSection(SolutionItems) = preProject
		GlobalAssemblyInfo.cs = GlobalAssemblyInfo.cs
	EndProjectSection
EndProject
Project("{2150E333-8FDC-42A3-9474-1A3956D46DE8}") = "Tests", "Tests", "{BCBE424C-37F0-4823-8E46-56D1A8127AAD}"
	ProjectSection(SolutionItems) = preProject
		CodeCoverage.runsettings = CodeCoverage.runsettings
	EndProjectSection
EndProject
Project("{2150E333-8FDC-42A3-9474-1A3956D46DE8}") = "Common", "Common", "{9ED0A504-C4D1-4E4D-9F29-E81158C42109}"
EndProject
Project("{FAE04EC0-301F-11D3-BF4B-00C04F79EFBC}") = "Cmc.Engage.Common.Contracts", "Cmc.Engage.Common.Contracts\Cmc.Engage.Common.Contracts.csproj", "{939C0453-90D1-4237-ACC3-F7B045EE396B}"
EndProject
Project("{FAE04EC0-301F-11D3-BF4B-00C04F79EFBC}") = "Cmc.Engage.Common", "Cmc.Engage.Common\Cmc.Engage.Common.csproj", "{8D7EA745-68B9-4A68-8110-B2B3DA3F4766}"
EndProject
Project("{FAE04EC0-301F-11D3-BF4B-00C04F79EFBC}") = "Cmc.Engage.Common.Plugins", "Cmc.Engage.Common.Plugins\Cmc.Engage.Common.Plugins.csproj", "{997C1E63-3D47-48CF-AB89-AA874A2E79D1}"
	ProjectSection(ProjectDependencies) = postProject
		{8D7EA745-68B9-4A68-8110-B2B3DA3F4766} = {8D7EA745-68B9-4A68-8110-B2B3DA3F4766}
		{3364BBBD-DDF5-44AF-B964-6E12FEACE33B} = {3364BBBD-DDF5-44AF-B964-6E12FEACE33B}
		{49AFBBCE-4EC4-4129-8D95-0C1E0BD3E65B} = {49AFBBCE-4EC4-4129-8D95-0C1E0BD3E65B}
		{FF67E2D7-6216-4972-8E2F-511EB7020B24} = {FF67E2D7-6216-4972-8E2F-511EB7020B24}
	EndProjectSection
EndProject
Project("{FAE04EC0-301F-11D3-BF4B-00C04F79EFBC}") = "Cmc.Engage.Common.Activities", "Cmc.Engage.Common.Activities\Cmc.Engage.Common.Activities.csproj", "{621F50BF-B721-4874-A4DE-8CFC5227375C}"
	ProjectSection(ProjectDependencies) = postProject
		{8D7EA745-68B9-4A68-8110-B2B3DA3F4766} = {8D7EA745-68B9-4A68-8110-B2B3DA3F4766}
		{3364BBBD-DDF5-44AF-B964-6E12FEACE33B} = {3364BBBD-DDF5-44AF-B964-6E12FEACE33B}
		{49AFBBCE-4EC4-4129-8D95-0C1E0BD3E65B} = {49AFBBCE-4EC4-4129-8D95-0C1E0BD3E65B}
		{FF67E2D7-6216-4972-8E2F-511EB7020B24} = {FF67E2D7-6216-4972-8E2F-511EB7020B24}
	EndProjectSection
EndProject
Project("{2150E333-8FDC-42A3-9474-1A3956D46DE8}") = "Common", "Common", "{ADA5E46D-974B-43D9-8AA1-DA545C49CA97}"
EndProject
Project("{FAE04EC0-301F-11D3-BF4B-00C04F79EFBC}") = "Cmc.Engage.Common.Tests", "Cmc.Engage.Common.Tests\Cmc.Engage.Common.Tests.csproj", "{8DFDB2B4-D5FB-4346-8DBC-0CEF79FB081C}"
EndProject
Project("{FAE04EC0-301F-11D3-BF4B-00C04F79EFBC}") = "Cmc.Engage.Contracts", "Cmc.Engage.Contracts\Cmc.Engage.Contracts.csproj", "{623CC290-E68A-47CF-93CC-121B1D53F412}"
EndProject
Project("{2150E333-8FDC-42A3-9474-1A3956D46DE8}") = "Retention", "Retention", "{8920B987-A2AB-4D61-AF41-89737DA1EB7F}"
EndProject
Project("{FAE04EC0-301F-11D3-BF4B-00C04F79EFBC}") = "Cmc.Engage.Common.Utilities", "Cmc.Engage.Common.Utilities\Cmc.Engage.Common.Utilities.csproj", "{49AFBBCE-4EC4-4129-8D95-0C1E0BD3E65B}"
EndProject
Project("{2150E333-8FDC-42A3-9474-1A3956D46DE8}") = "Lifecycle", "Lifecycle", "{B8EDEF5C-BBDF-4691-BDFC-32AB19F59E35}"
EndProject
Project("{2150E333-8FDC-42A3-9474-1A3956D46DE8}") = "Communication", "Communication", "{68BEE6D5-501D-4D23-8A4B-E53B97973FCA}"
EndProject
Project("{9A19103F-16F7-4668-BE54-9A1E7A4F7556}") = "Cmc.Engage.Common.Functions", "Cmc.Engage.Common.Functions\Cmc.Engage.Common.Functions.csproj", "{B9C4612C-3060-4E0B-9974-857E9F5C7C91}"
EndProject
Project("{2150E333-8FDC-42A3-9474-1A3956D46DE8}") = "Retention", "Retention", "{49250277-2EDB-485B-9F99-2BAF6ED75535}"
EndProject
Project("{2150E333-8FDC-42A3-9474-1A3956D46DE8}") = "Communication", "Communication", "{ED01BE0F-F5F2-4AE8-B4AE-7C159886CF43}"
EndProject
Project("{2150E333-8FDC-42A3-9474-1A3956D46DE8}") = "Lifecycle", "Lifecycle", "{642FA889-FE3A-466E-9320-6F553BC0E7F4}"
EndProject
Project("{FAE04EC0-301F-11D3-BF4B-00C04F79EFBC}") = "Cmc.Engage.Communication", "Cmc.Engage.Communication\Cmc.Engage.Communication.csproj", "{FF67E2D7-6216-4972-8E2F-511EB7020B24}"
EndProject
Project("{FAE04EC0-301F-11D3-BF4B-00C04F79EFBC}") = "Cmc.Engage.Communication.Activities", "Cmc.Engage.Communication.Activities\Cmc.Engage.Communication.Activities.csproj", "{D3913BC8-FE11-4625-98D4-6FE90941E745}"
	ProjectSection(ProjectDependencies) = postProject
		{939C0453-90D1-4237-ACC3-F7B045EE396B} = {939C0453-90D1-4237-ACC3-F7B045EE396B}
		{FF67E2D7-6216-4972-8E2F-511EB7020B24} = {FF67E2D7-6216-4972-8E2F-511EB7020B24}
	EndProjectSection
EndProject
Project("{FAE04EC0-301F-11D3-BF4B-00C04F79EFBC}") = "Cmc.Engage.Communication.Contracts", "Cmc.Engage.Communication.Contracts\Cmc.Engage.Communication.Contracts.csproj", "{3364BBBD-DDF5-44AF-B964-6E12FEACE33B}"
EndProject
Project("{9A19103F-16F7-4668-BE54-9A1E7A4F7556}") = "Cmc.Engage.Communication.Functions", "Cmc.Engage.Communication.Functions\Cmc.Engage.Communication.Functions.csproj", "{AC59B6EF-D1A5-41C4-A50F-0FAE847DD8A2}"
EndProject
Project("{FAE04EC0-301F-11D3-BF4B-00C04F79EFBC}") = "Cmc.Engage.Communication.Plugins", "Cmc.Engage.Communication.Plugins\Cmc.Engage.Communication.Plugins.csproj", "{F8824436-639F-49FD-ABEE-1DA1AFABDC2F}"
	ProjectSection(ProjectDependencies) = postProject
		{939C0453-90D1-4237-ACC3-F7B045EE396B} = {939C0453-90D1-4237-ACC3-F7B045EE396B}
		{623CC290-E68A-47CF-93CC-121B1D53F412} = {623CC290-E68A-47CF-93CC-121B1D53F412}
		{FF67E2D7-6216-4972-8E2F-511EB7020B24} = {FF67E2D7-6216-4972-8E2F-511EB7020B24}
	EndProjectSection
EndProject
Project("{FAE04EC0-301F-11D3-BF4B-00C04F79EFBC}") = "Cmc.Engage.Lifecycle", "Cmc.Engage.Lifecycle\Cmc.Engage.Lifecycle.csproj", "{CD26E336-8B2D-4264-B3AF-18819269A583}"
EndProject
Project("{FAE04EC0-301F-11D3-BF4B-00C04F79EFBC}") = "Cmc.Engage.Lifecycle.Activities", "Cmc.Engage.Lifecycle.Activities\Cmc.Engage.Lifecycle.Activities.csproj", "{8626913F-1579-4F4A-A573-2DAEA51E3743}"
	ProjectSection(ProjectDependencies) = postProject
		{939C0453-90D1-4237-ACC3-F7B045EE396B} = {939C0453-90D1-4237-ACC3-F7B045EE396B}
	EndProjectSection
EndProject
Project("{FAE04EC0-301F-11D3-BF4B-00C04F79EFBC}") = "Cmc.Engage.Lifecycle.Contracts", "Cmc.Engage.Lifecycle.Contracts\Cmc.Engage.Lifecycle.Contracts.csproj", "{61B01B9B-B962-49AF-A3CC-6D217824FA9D}"
EndProject
Project("{9A19103F-16F7-4668-BE54-9A1E7A4F7556}") = "Cmc.Engage.Lifecycle.Functions", "Cmc.Engage.Lifecycle.Functions\Cmc.Engage.Lifecycle.Functions.csproj", "{168A462C-04DA-43C7-96E4-7E24B233B217}"
EndProject
Project("{FAE04EC0-301F-11D3-BF4B-00C04F79EFBC}") = "Cmc.Engage.Lifecycle.Plugins", "Cmc.Engage.Lifecycle.Plugins\Cmc.Engage.Lifecycle.Plugins.csproj", "{9FBB9C94-7559-4E79-9CAE-75DF761EA150}"
	ProjectSection(ProjectDependencies) = postProject
		{CD26E336-8B2D-4264-B3AF-18819269A583} = {CD26E336-8B2D-4264-B3AF-18819269A583}
		{939C0453-90D1-4237-ACC3-F7B045EE396B} = {939C0453-90D1-4237-ACC3-F7B045EE396B}
	EndProjectSection
EndProject
Project("{FAE04EC0-301F-11D3-BF4B-00C04F79EFBC}") = "Cmc.Engage.Retention", "Cmc.Engage.Retention\Cmc.Engage.Retention.csproj", "{8A0C0F32-EDAD-47A2-B626-E190B7D8D4EE}"
EndProject
Project("{FAE04EC0-301F-11D3-BF4B-00C04F79EFBC}") = "Cmc.Engage.Retention.Activities", "Cmc.Engage.Retention.Activities\Cmc.Engage.Retention.Activities.csproj", "{F0E76730-C925-4FBD-8EC9-089915C36FF8}"
	ProjectSection(ProjectDependencies) = postProject
		{8A0C0F32-EDAD-47A2-B626-E190B7D8D4EE} = {8A0C0F32-EDAD-47A2-B626-E190B7D8D4EE}
		{8D7EA745-68B9-4A68-8110-B2B3DA3F4766} = {8D7EA745-68B9-4A68-8110-B2B3DA3F4766}
		{939C0453-90D1-4237-ACC3-F7B045EE396B} = {939C0453-90D1-4237-ACC3-F7B045EE396B}
	EndProjectSection
EndProject
Project("{FAE04EC0-301F-11D3-BF4B-00C04F79EFBC}") = "Cmc.Engage.Retention.Contracts", "Cmc.Engage.Retention.Contracts\Cmc.Engage.Retention.Contracts.csproj", "{534D8D9B-AA8F-40B1-8144-A321FA3DD368}"
EndProject
Project("{9A19103F-16F7-4668-BE54-9A1E7A4F7556}") = "Cmc.Engage.Retention.Functions", "Cmc.Engage.Retention.Functions\Cmc.Engage.Retention.Functions.csproj", "{7A4AF144-05CA-4803-BF11-BA139A4716C8}"
	ProjectSection(ProjectDependencies) = postProject
		{8A0C0F32-EDAD-47A2-B626-E190B7D8D4EE} = {8A0C0F32-EDAD-47A2-B626-E190B7D8D4EE}
	EndProjectSection
EndProject
Project("{FAE04EC0-301F-11D3-BF4B-00C04F79EFBC}") = "Cmc.Engage.Retention.Plugins", "Cmc.Engage.Retention.Plugins\Cmc.Engage.Retention.Plugins.csproj", "{B754FE8E-A64A-40E8-AC68-4EB833A0E2D9}"
	ProjectSection(ProjectDependencies) = postProject
		{8A0C0F32-EDAD-47A2-B626-E190B7D8D4EE} = {8A0C0F32-EDAD-47A2-B626-E190B7D8D4EE}
		{8D7EA745-68B9-4A68-8110-B2B3DA3F4766} = {8D7EA745-68B9-4A68-8110-B2B3DA3F4766}
		{939C0453-90D1-4237-ACC3-F7B045EE396B} = {939C0453-90D1-4237-ACC3-F7B045EE396B}
	EndProjectSection
EndProject
Project("{FAE04EC0-301F-11D3-BF4B-00C04F79EFBC}") = "Cmc.Engage.Retention.Tests", "Cmc.Engage.Retention.Tests\Cmc.Engage.Retention.Tests.csproj", "{D8EBCE39-EC78-401E-83D1-68BC1E0AA31E}"
EndProject
Project("{FAE04EC0-301F-11D3-BF4B-00C04F79EFBC}") = "Cmc.Engage.Lifecycle.Tests", "Cmc.Engage.Lifecycle.Tests\Cmc.Engage.Lifecycle.Tests.csproj", "{238759D7-712B-4FD5-9826-703AE70527EF}"
EndProject
Project("{FAE04EC0-301F-11D3-BF4B-00C04F79EFBC}") = "Cmc.Engage.Communication.Tests", "Cmc.Engage.Communication.Tests\Cmc.Engage.Communication.Tests.csproj", "{CF478C07-3E50-4761-8581-E8CB0F012FAD}"
EndProject
Project("{FAE04EC0-301F-11D3-BF4B-00C04F79EFBC}") = "Cmc.Engage.WebResources", "Cmc.Engage.WebResources\Cmc.Engage.WebResources.csproj", "{5335A938-CB1D-4F4C-9B25-67F90EEB8811}"
EndProject
Project("{FAE04EC0-301F-11D3-BF4B-00C04F79EFBC}") = "Cmc.Engage.FunctionExtensions", "Cmc.Engage.FunctionExtensions\Cmc.Engage.FunctionExtensions.csproj", "{D2A6695C-CF59-4204-992B-33C2ED31B046}"
EndProject
Project("{FAE04EC0-301F-11D3-BF4B-00C04F79EFBC}") = "Cmc.Engage.Contracts.Tests", "Cmc.Engage.Contracts.Tests\Cmc.Engage.Contracts.Tests.csproj", "{778B2E57-7383-4349-B886-C6E7FD57C4C3}"
EndProject
Project("{2150E333-8FDC-42A3-9474-1A3956D46DE8}") = "Marketing", "Marketing", "{4E00A242-873B-4C61-B235-0AD6128A9642}"
EndProject
Project("{FAE04EC0-301F-11D3-BF4B-00C04F79EFBC}") = "Cmc.Engage.Marketing", "Cmc.Engage.Marketing\Cmc.Engage.Marketing.csproj", "{73385C3F-2D94-411B-BDCC-74B051182B73}"
EndProject
Project("{FAE04EC0-301F-11D3-BF4B-00C04F79EFBC}") = "Cmc.Engage.Marketing.Activities", "Cmc.Engage.Marketing.Activities\Cmc.Engage.Marketing.Activities.csproj", "{E949C99E-EC04-404C-B5E7-492090127BCB}"
EndProject
Project("{FAE04EC0-301F-11D3-BF4B-00C04F79EFBC}") = "Cmc.Engage.Marketing.Contracts", "Cmc.Engage.Marketing.Contracts\Cmc.Engage.Marketing.Contracts.csproj", "{C58AA160-F314-44C5-B19A-3818562583DA}"
EndProject
Project("{FAE04EC0-301F-11D3-BF4B-00C04F79EFBC}") = "Cmc.Engage.Marketing.Plugins", "Cmc.Engage.Marketing.Plugins\Cmc.Engage.Marketing.Plugins.csproj", "{A888D422-EFAB-4D2E-8CC0-70C1EECDE0FD}"
EndProject
Project("{FAE04EC0-301F-11D3-BF4B-00C04F79EFBC}") = "Cmc.Engage.Contracts.Extn", "Cmc.Engage.Contracts.Extn\Cmc.Engage.Contracts.Extn.csproj", "{F3921D2B-B9E2-4DA6-80C4-BE3E37D018EB}"
EndProject
Project("{2150E333-8FDC-42A3-9474-1A3956D46DE8}") = "Application", "Application", "{D1D7A54F-D5AE-433B-A656-5F579DE74FD3}"
EndProject
Project("{FAE04EC0-301F-11D3-BF4B-00C04F79EFBC}") = "Cmc.Engage.Application", "Cmc.Engage.Application\Cmc.Engage.Application.csproj", "{4C73BE9A-1F40-4054-90DC-D9A6920DA931}"
EndProject
Project("{FAE04EC0-301F-11D3-BF4B-00C04F79EFBC}") = "Cmc.Engage.Application.Activities", "Cmc.Engage.Application.Activities\Cmc.Engage.Application.Activities.csproj", "{CE6A1F3E-DE4C-4CC5-9B5C-213174F66881}"
EndProject
Project("{FAE04EC0-301F-11D3-BF4B-00C04F79EFBC}") = "Cmc.Engage.Application.Contracts", "Cmc.Engage.Application.Contracts\Cmc.Engage.Application.Contracts.csproj", "{F658EC19-D771-4D65-83EB-8EA94EBA5DD8}"
EndProject
Project("{FAE04EC0-301F-11D3-BF4B-00C04F79EFBC}") = "Cmc.Engage.Application.Plugins", "Cmc.Engage.Application.Plugins\Cmc.Engage.Application.Plugins.csproj", "{84DF629D-9DE3-45AA-8414-1DDCBDDC82EF}"
EndProject
Project("{2150E333-8FDC-42A3-9474-1A3956D46DE8}") = "Application", "Application", "{055B49C9-C539-4490-9C0A-5D9B33F29587}"
EndProject
Project("{FAE04EC0-301F-11D3-BF4B-00C04F79EFBC}") = "Cmc.Engage.Application.Tests", "Cmc.Engage.Application.Tests\Cmc.Engage.Application.Tests.csproj", "{8EB5FF67-A3B1-4A74-A4EB-CF02F8DAF1FC}"
EndProject
Project("{2150E333-8FDC-42A3-9474-1A3956D46DE8}") = "Marketing", "Marketing", "{564FE912-5327-43ED-B9BB-D299B2A40696}"
EndProject
Project("{FAE04EC0-301F-11D3-BF4B-00C04F79EFBC}") = "Cmc.Engage.Marketing.Tests", "Cmc.Engage.Marketing.Tests\Cmc.Engage.Marketing.Tests.csproj", "{38818442-8974-4344-A5FD-09FF234A0932}"
EndProject
Project("{9A19103F-16F7-4668-BE54-9A1E7A4F7556}") = "Cmc.Engage.Application.Functions", "Cmc.Engage.Application.Functions\Cmc.Engage.Application.Functions.csproj", "{2C66BFCA-A1B3-4D29-B326-A11A7C971C6C}"
EndProject
Project("{9A19103F-16F7-4668-BE54-9A1E7A4F7556}") = "Cmc.Engage.Marketing.Functions", "Cmc.Engage.Marketing.Functions\Cmc.Engage.Marketing.Functions.csproj", "{961E2560-E8A9-4A4A-9F7A-4852DE837817}"
EndProject
Global
	GlobalSection(SolutionConfigurationPlatforms) = preSolution
		Debug|Any CPU = Debug|Any CPU
		Release|Any CPU = Release|Any CPU
	EndGlobalSection
	GlobalSection(ProjectConfigurationPlatforms) = postSolution
		{939C0453-90D1-4237-ACC3-F7B045EE396B}.Debug|Any CPU.ActiveCfg = Debug|Any CPU
		{939C0453-90D1-4237-ACC3-F7B045EE396B}.Debug|Any CPU.Build.0 = Debug|Any CPU
		{939C0453-90D1-4237-ACC3-F7B045EE396B}.Release|Any CPU.ActiveCfg = Release|Any CPU
		{939C0453-90D1-4237-ACC3-F7B045EE396B}.Release|Any CPU.Build.0 = Release|Any CPU
		{8D7EA745-68B9-4A68-8110-B2B3DA3F4766}.Debug|Any CPU.ActiveCfg = Debug|Any CPU
		{8D7EA745-68B9-4A68-8110-B2B3DA3F4766}.Debug|Any CPU.Build.0 = Debug|Any CPU
		{8D7EA745-68B9-4A68-8110-B2B3DA3F4766}.Release|Any CPU.ActiveCfg = Release|Any CPU
		{8D7EA745-68B9-4A68-8110-B2B3DA3F4766}.Release|Any CPU.Build.0 = Release|Any CPU
		{997C1E63-3D47-48CF-AB89-AA874A2E79D1}.Debug|Any CPU.ActiveCfg = Debug|Any CPU
		{997C1E63-3D47-48CF-AB89-AA874A2E79D1}.Debug|Any CPU.Build.0 = Debug|Any CPU
		{997C1E63-3D47-48CF-AB89-AA874A2E79D1}.Release|Any CPU.ActiveCfg = Release|Any CPU
		{997C1E63-3D47-48CF-AB89-AA874A2E79D1}.Release|Any CPU.Build.0 = Release|Any CPU
		{621F50BF-B721-4874-A4DE-8CFC5227375C}.Debug|Any CPU.ActiveCfg = Debug|Any CPU
		{621F50BF-B721-4874-A4DE-8CFC5227375C}.Debug|Any CPU.Build.0 = Debug|Any CPU
		{621F50BF-B721-4874-A4DE-8CFC5227375C}.Release|Any CPU.ActiveCfg = Release|Any CPU
		{621F50BF-B721-4874-A4DE-8CFC5227375C}.Release|Any CPU.Build.0 = Release|Any CPU
		{8DFDB2B4-D5FB-4346-8DBC-0CEF79FB081C}.Debug|Any CPU.ActiveCfg = Debug|Any CPU
		{8DFDB2B4-D5FB-4346-8DBC-0CEF79FB081C}.Debug|Any CPU.Build.0 = Debug|Any CPU
		{8DFDB2B4-D5FB-4346-8DBC-0CEF79FB081C}.Release|Any CPU.ActiveCfg = Release|Any CPU
		{8DFDB2B4-D5FB-4346-8DBC-0CEF79FB081C}.Release|Any CPU.Build.0 = Release|Any CPU
		{623CC290-E68A-47CF-93CC-121B1D53F412}.Debug|Any CPU.ActiveCfg = Debug|Any CPU
		{623CC290-E68A-47CF-93CC-121B1D53F412}.Debug|Any CPU.Build.0 = Debug|Any CPU
		{623CC290-E68A-47CF-93CC-121B1D53F412}.Release|Any CPU.ActiveCfg = Release|Any CPU
		{623CC290-E68A-47CF-93CC-121B1D53F412}.Release|Any CPU.Build.0 = Release|Any CPU
		{49AFBBCE-4EC4-4129-8D95-0C1E0BD3E65B}.Debug|Any CPU.ActiveCfg = Debug|Any CPU
		{49AFBBCE-4EC4-4129-8D95-0C1E0BD3E65B}.Debug|Any CPU.Build.0 = Debug|Any CPU
		{49AFBBCE-4EC4-4129-8D95-0C1E0BD3E65B}.Release|Any CPU.ActiveCfg = Release|Any CPU
		{49AFBBCE-4EC4-4129-8D95-0C1E0BD3E65B}.Release|Any CPU.Build.0 = Release|Any CPU
		{B9C4612C-3060-4E0B-9974-857E9F5C7C91}.Debug|Any CPU.ActiveCfg = Debug|Any CPU
		{B9C4612C-3060-4E0B-9974-857E9F5C7C91}.Debug|Any CPU.Build.0 = Debug|Any CPU
		{B9C4612C-3060-4E0B-9974-857E9F5C7C91}.Release|Any CPU.ActiveCfg = Release|Any CPU
		{B9C4612C-3060-4E0B-9974-857E9F5C7C91}.Release|Any CPU.Build.0 = Release|Any CPU
		{FF67E2D7-6216-4972-8E2F-511EB7020B24}.Debug|Any CPU.ActiveCfg = Debug|Any CPU
		{FF67E2D7-6216-4972-8E2F-511EB7020B24}.Debug|Any CPU.Build.0 = Debug|Any CPU
		{FF67E2D7-6216-4972-8E2F-511EB7020B24}.Release|Any CPU.ActiveCfg = Release|Any CPU
		{FF67E2D7-6216-4972-8E2F-511EB7020B24}.Release|Any CPU.Build.0 = Release|Any CPU
		{D3913BC8-FE11-4625-98D4-6FE90941E745}.Debug|Any CPU.ActiveCfg = Debug|Any CPU
		{D3913BC8-FE11-4625-98D4-6FE90941E745}.Debug|Any CPU.Build.0 = Debug|Any CPU
		{D3913BC8-FE11-4625-98D4-6FE90941E745}.Release|Any CPU.ActiveCfg = Release|Any CPU
		{D3913BC8-FE11-4625-98D4-6FE90941E745}.Release|Any CPU.Build.0 = Release|Any CPU
		{3364BBBD-DDF5-44AF-B964-6E12FEACE33B}.Debug|Any CPU.ActiveCfg = Debug|Any CPU
		{3364BBBD-DDF5-44AF-B964-6E12FEACE33B}.Debug|Any CPU.Build.0 = Debug|Any CPU
		{3364BBBD-DDF5-44AF-B964-6E12FEACE33B}.Release|Any CPU.ActiveCfg = Release|Any CPU
		{3364BBBD-DDF5-44AF-B964-6E12FEACE33B}.Release|Any CPU.Build.0 = Release|Any CPU
		{AC59B6EF-D1A5-41C4-A50F-0FAE847DD8A2}.Debug|Any CPU.ActiveCfg = Debug|Any CPU
		{AC59B6EF-D1A5-41C4-A50F-0FAE847DD8A2}.Debug|Any CPU.Build.0 = Debug|Any CPU
		{AC59B6EF-D1A5-41C4-A50F-0FAE847DD8A2}.Release|Any CPU.ActiveCfg = Release|Any CPU
		{AC59B6EF-D1A5-41C4-A50F-0FAE847DD8A2}.Release|Any CPU.Build.0 = Release|Any CPU
		{F8824436-639F-49FD-ABEE-1DA1AFABDC2F}.Debug|Any CPU.ActiveCfg = Debug|Any CPU
		{F8824436-639F-49FD-ABEE-1DA1AFABDC2F}.Debug|Any CPU.Build.0 = Debug|Any CPU
		{F8824436-639F-49FD-ABEE-1DA1AFABDC2F}.Release|Any CPU.ActiveCfg = Release|Any CPU
		{F8824436-639F-49FD-ABEE-1DA1AFABDC2F}.Release|Any CPU.Build.0 = Release|Any CPU
		{CD26E336-8B2D-4264-B3AF-18819269A583}.Debug|Any CPU.ActiveCfg = Debug|Any CPU
		{CD26E336-8B2D-4264-B3AF-18819269A583}.Debug|Any CPU.Build.0 = Debug|Any CPU
		{CD26E336-8B2D-4264-B3AF-18819269A583}.Release|Any CPU.ActiveCfg = Release|Any CPU
		{CD26E336-8B2D-4264-B3AF-18819269A583}.Release|Any CPU.Build.0 = Release|Any CPU
		{8626913F-1579-4F4A-A573-2DAEA51E3743}.Debug|Any CPU.ActiveCfg = Debug|Any CPU
		{8626913F-1579-4F4A-A573-2DAEA51E3743}.Debug|Any CPU.Build.0 = Debug|Any CPU
		{8626913F-1579-4F4A-A573-2DAEA51E3743}.Release|Any CPU.ActiveCfg = Release|Any CPU
		{8626913F-1579-4F4A-A573-2DAEA51E3743}.Release|Any CPU.Build.0 = Release|Any CPU
		{61B01B9B-B962-49AF-A3CC-6D217824FA9D}.Debug|Any CPU.ActiveCfg = Debug|Any CPU
		{61B01B9B-B962-49AF-A3CC-6D217824FA9D}.Debug|Any CPU.Build.0 = Debug|Any CPU
		{61B01B9B-B962-49AF-A3CC-6D217824FA9D}.Release|Any CPU.ActiveCfg = Release|Any CPU
		{61B01B9B-B962-49AF-A3CC-6D217824FA9D}.Release|Any CPU.Build.0 = Release|Any CPU
		{168A462C-04DA-43C7-96E4-7E24B233B217}.Debug|Any CPU.ActiveCfg = Debug|Any CPU
		{168A462C-04DA-43C7-96E4-7E24B233B217}.Debug|Any CPU.Build.0 = Debug|Any CPU
		{168A462C-04DA-43C7-96E4-7E24B233B217}.Release|Any CPU.ActiveCfg = Release|Any CPU
		{168A462C-04DA-43C7-96E4-7E24B233B217}.Release|Any CPU.Build.0 = Release|Any CPU
		{9FBB9C94-7559-4E79-9CAE-75DF761EA150}.Debug|Any CPU.ActiveCfg = Debug|Any CPU
		{9FBB9C94-7559-4E79-9CAE-75DF761EA150}.Debug|Any CPU.Build.0 = Debug|Any CPU
		{9FBB9C94-7559-4E79-9CAE-75DF761EA150}.Release|Any CPU.ActiveCfg = Release|Any CPU
		{9FBB9C94-7559-4E79-9CAE-75DF761EA150}.Release|Any CPU.Build.0 = Release|Any CPU
		{8A0C0F32-EDAD-47A2-B626-E190B7D8D4EE}.Debug|Any CPU.ActiveCfg = Debug|Any CPU
		{8A0C0F32-EDAD-47A2-B626-E190B7D8D4EE}.Debug|Any CPU.Build.0 = Debug|Any CPU
		{8A0C0F32-EDAD-47A2-B626-E190B7D8D4EE}.Release|Any CPU.ActiveCfg = Release|Any CPU
		{8A0C0F32-EDAD-47A2-B626-E190B7D8D4EE}.Release|Any CPU.Build.0 = Release|Any CPU
		{F0E76730-C925-4FBD-8EC9-089915C36FF8}.Debug|Any CPU.ActiveCfg = Debug|Any CPU
		{F0E76730-C925-4FBD-8EC9-089915C36FF8}.Debug|Any CPU.Build.0 = Debug|Any CPU
		{F0E76730-C925-4FBD-8EC9-089915C36FF8}.Release|Any CPU.ActiveCfg = Release|Any CPU
		{F0E76730-C925-4FBD-8EC9-089915C36FF8}.Release|Any CPU.Build.0 = Release|Any CPU
		{534D8D9B-AA8F-40B1-8144-A321FA3DD368}.Debug|Any CPU.ActiveCfg = Debug|Any CPU
		{534D8D9B-AA8F-40B1-8144-A321FA3DD368}.Debug|Any CPU.Build.0 = Debug|Any CPU
		{534D8D9B-AA8F-40B1-8144-A321FA3DD368}.Release|Any CPU.ActiveCfg = Release|Any CPU
		{534D8D9B-AA8F-40B1-8144-A321FA3DD368}.Release|Any CPU.Build.0 = Release|Any CPU
		{7A4AF144-05CA-4803-BF11-BA139A4716C8}.Debug|Any CPU.ActiveCfg = Debug|Any CPU
		{7A4AF144-05CA-4803-BF11-BA139A4716C8}.Debug|Any CPU.Build.0 = Debug|Any CPU
		{7A4AF144-05CA-4803-BF11-BA139A4716C8}.Release|Any CPU.ActiveCfg = Release|Any CPU
		{7A4AF144-05CA-4803-BF11-BA139A4716C8}.Release|Any CPU.Build.0 = Release|Any CPU
		{B754FE8E-A64A-40E8-AC68-4EB833A0E2D9}.Debug|Any CPU.ActiveCfg = Debug|Any CPU
		{B754FE8E-A64A-40E8-AC68-4EB833A0E2D9}.Debug|Any CPU.Build.0 = Debug|Any CPU
		{B754FE8E-A64A-40E8-AC68-4EB833A0E2D9}.Release|Any CPU.ActiveCfg = Release|Any CPU
		{B754FE8E-A64A-40E8-AC68-4EB833A0E2D9}.Release|Any CPU.Build.0 = Release|Any CPU
		{D8EBCE39-EC78-401E-83D1-68BC1E0AA31E}.Debug|Any CPU.ActiveCfg = Debug|Any CPU
		{D8EBCE39-EC78-401E-83D1-68BC1E0AA31E}.Debug|Any CPU.Build.0 = Debug|Any CPU
		{D8EBCE39-EC78-401E-83D1-68BC1E0AA31E}.Release|Any CPU.ActiveCfg = Release|Any CPU
		{D8EBCE39-EC78-401E-83D1-68BC1E0AA31E}.Release|Any CPU.Build.0 = Release|Any CPU
		{238759D7-712B-4FD5-9826-703AE70527EF}.Debug|Any CPU.ActiveCfg = Debug|Any CPU
		{238759D7-712B-4FD5-9826-703AE70527EF}.Debug|Any CPU.Build.0 = Debug|Any CPU
		{238759D7-712B-4FD5-9826-703AE70527EF}.Release|Any CPU.ActiveCfg = Release|Any CPU
		{238759D7-712B-4FD5-9826-703AE70527EF}.Release|Any CPU.Build.0 = Release|Any CPU
		{CF478C07-3E50-4761-8581-E8CB0F012FAD}.Debug|Any CPU.ActiveCfg = Debug|Any CPU
		{CF478C07-3E50-4761-8581-E8CB0F012FAD}.Debug|Any CPU.Build.0 = Debug|Any CPU
		{CF478C07-3E50-4761-8581-E8CB0F012FAD}.Release|Any CPU.ActiveCfg = Release|Any CPU
		{CF478C07-3E50-4761-8581-E8CB0F012FAD}.Release|Any CPU.Build.0 = Release|Any CPU
		{5335A938-CB1D-4F4C-9B25-67F90EEB8811}.Debug|Any CPU.ActiveCfg = Debug|Any CPU
		{5335A938-CB1D-4F4C-9B25-67F90EEB8811}.Release|Any CPU.ActiveCfg = Release|Any CPU
		{D2A6695C-CF59-4204-992B-33C2ED31B046}.Debug|Any CPU.ActiveCfg = Debug|Any CPU
		{D2A6695C-CF59-4204-992B-33C2ED31B046}.Debug|Any CPU.Build.0 = Debug|Any CPU
		{D2A6695C-CF59-4204-992B-33C2ED31B046}.Release|Any CPU.ActiveCfg = Release|Any CPU
		{D2A6695C-CF59-4204-992B-33C2ED31B046}.Release|Any CPU.Build.0 = Release|Any CPU
		{778B2E57-7383-4349-B886-C6E7FD57C4C3}.Debug|Any CPU.ActiveCfg = Debug|Any CPU
		{778B2E57-7383-4349-B886-C6E7FD57C4C3}.Debug|Any CPU.Build.0 = Debug|Any CPU
		{778B2E57-7383-4349-B886-C6E7FD57C4C3}.Release|Any CPU.ActiveCfg = Release|Any CPU
		{778B2E57-7383-4349-B886-C6E7FD57C4C3}.Release|Any CPU.Build.0 = Release|Any CPU
		{73385C3F-2D94-411B-BDCC-74B051182B73}.Debug|Any CPU.ActiveCfg = Debug|Any CPU
		{73385C3F-2D94-411B-BDCC-74B051182B73}.Debug|Any CPU.Build.0 = Debug|Any CPU
		{73385C3F-2D94-411B-BDCC-74B051182B73}.Release|Any CPU.ActiveCfg = Release|Any CPU
		{73385C3F-2D94-411B-BDCC-74B051182B73}.Release|Any CPU.Build.0 = Release|Any CPU
		{E949C99E-EC04-404C-B5E7-492090127BCB}.Debug|Any CPU.ActiveCfg = Debug|Any CPU
		{E949C99E-EC04-404C-B5E7-492090127BCB}.Debug|Any CPU.Build.0 = Debug|Any CPU
		{E949C99E-EC04-404C-B5E7-492090127BCB}.Release|Any CPU.ActiveCfg = Release|Any CPU
		{E949C99E-EC04-404C-B5E7-492090127BCB}.Release|Any CPU.Build.0 = Release|Any CPU
		{C58AA160-F314-44C5-B19A-3818562583DA}.Debug|Any CPU.ActiveCfg = Debug|Any CPU
		{C58AA160-F314-44C5-B19A-3818562583DA}.Debug|Any CPU.Build.0 = Debug|Any CPU
		{C58AA160-F314-44C5-B19A-3818562583DA}.Release|Any CPU.ActiveCfg = Release|Any CPU
		{C58AA160-F314-44C5-B19A-3818562583DA}.Release|Any CPU.Build.0 = Release|Any CPU
		{A888D422-EFAB-4D2E-8CC0-70C1EECDE0FD}.Debug|Any CPU.ActiveCfg = Debug|Any CPU
		{A888D422-EFAB-4D2E-8CC0-70C1EECDE0FD}.Debug|Any CPU.Build.0 = Debug|Any CPU
		{A888D422-EFAB-4D2E-8CC0-70C1EECDE0FD}.Release|Any CPU.ActiveCfg = Release|Any CPU
		{A888D422-EFAB-4D2E-8CC0-70C1EECDE0FD}.Release|Any CPU.Build.0 = Release|Any CPU
		{F3921D2B-B9E2-4DA6-80C4-BE3E37D018EB}.Debug|Any CPU.ActiveCfg = Debug|Any CPU
		{F3921D2B-B9E2-4DA6-80C4-BE3E37D018EB}.Debug|Any CPU.Build.0 = Debug|Any CPU
		{F3921D2B-B9E2-4DA6-80C4-BE3E37D018EB}.Release|Any CPU.ActiveCfg = Release|Any CPU
		{F3921D2B-B9E2-4DA6-80C4-BE3E37D018EB}.Release|Any CPU.Build.0 = Release|Any CPU
		{4C73BE9A-1F40-4054-90DC-D9A6920DA931}.Debug|Any CPU.ActiveCfg = Debug|Any CPU
		{4C73BE9A-1F40-4054-90DC-D9A6920DA931}.Debug|Any CPU.Build.0 = Debug|Any CPU
		{4C73BE9A-1F40-4054-90DC-D9A6920DA931}.Release|Any CPU.ActiveCfg = Release|Any CPU
		{4C73BE9A-1F40-4054-90DC-D9A6920DA931}.Release|Any CPU.Build.0 = Release|Any CPU
		{CE6A1F3E-DE4C-4CC5-9B5C-213174F66881}.Debug|Any CPU.ActiveCfg = Debug|Any CPU
		{CE6A1F3E-DE4C-4CC5-9B5C-213174F66881}.Debug|Any CPU.Build.0 = Debug|Any CPU
		{CE6A1F3E-DE4C-4CC5-9B5C-213174F66881}.Release|Any CPU.ActiveCfg = Release|Any CPU
		{CE6A1F3E-DE4C-4CC5-9B5C-213174F66881}.Release|Any CPU.Build.0 = Release|Any CPU
		{F658EC19-D771-4D65-83EB-8EA94EBA5DD8}.Debug|Any CPU.ActiveCfg = Debug|Any CPU
		{F658EC19-D771-4D65-83EB-8EA94EBA5DD8}.Debug|Any CPU.Build.0 = Debug|Any CPU
		{F658EC19-D771-4D65-83EB-8EA94EBA5DD8}.Release|Any CPU.ActiveCfg = Release|Any CPU
		{F658EC19-D771-4D65-83EB-8EA94EBA5DD8}.Release|Any CPU.Build.0 = Release|Any CPU
		{84DF629D-9DE3-45AA-8414-1DDCBDDC82EF}.Debug|Any CPU.ActiveCfg = Debug|Any CPU
		{84DF629D-9DE3-45AA-8414-1DDCBDDC82EF}.Debug|Any CPU.Build.0 = Debug|Any CPU
		{84DF629D-9DE3-45AA-8414-1DDCBDDC82EF}.Release|Any CPU.ActiveCfg = Release|Any CPU
		{84DF629D-9DE3-45AA-8414-1DDCBDDC82EF}.Release|Any CPU.Build.0 = Release|Any CPU
		{8EB5FF67-A3B1-4A74-A4EB-CF02F8DAF1FC}.Debug|Any CPU.ActiveCfg = Debug|Any CPU
		{8EB5FF67-A3B1-4A74-A4EB-CF02F8DAF1FC}.Debug|Any CPU.Build.0 = Debug|Any CPU
		{8EB5FF67-A3B1-4A74-A4EB-CF02F8DAF1FC}.Release|Any CPU.ActiveCfg = Release|Any CPU
		{8EB5FF67-A3B1-4A74-A4EB-CF02F8DAF1FC}.Release|Any CPU.Build.0 = Release|Any CPU
		{38818442-8974-4344-A5FD-09FF234A0932}.Debug|Any CPU.ActiveCfg = Debug|Any CPU
		{38818442-8974-4344-A5FD-09FF234A0932}.Debug|Any CPU.Build.0 = Debug|Any CPU
		{38818442-8974-4344-A5FD-09FF234A0932}.Release|Any CPU.ActiveCfg = Release|Any CPU
		{38818442-8974-4344-A5FD-09FF234A0932}.Release|Any CPU.Build.0 = Release|Any CPU
		{2C66BFCA-A1B3-4D29-B326-A11A7C971C6C}.Debug|Any CPU.ActiveCfg = Debug|Any CPU
		{2C66BFCA-A1B3-4D29-B326-A11A7C971C6C}.Debug|Any CPU.Build.0 = Debug|Any CPU
		{2C66BFCA-A1B3-4D29-B326-A11A7C971C6C}.Release|Any CPU.ActiveCfg = Release|Any CPU
		{2C66BFCA-A1B3-4D29-B326-A11A7C971C6C}.Release|Any CPU.Build.0 = Release|Any CPU
		{961E2560-E8A9-4A4A-9F7A-4852DE837817}.Debug|Any CPU.ActiveCfg = Debug|Any CPU
		{961E2560-E8A9-4A4A-9F7A-4852DE837817}.Debug|Any CPU.Build.0 = Debug|Any CPU
		{961E2560-E8A9-4A4A-9F7A-4852DE837817}.Release|Any CPU.ActiveCfg = Release|Any CPU
		{961E2560-E8A9-4A4A-9F7A-4852DE837817}.Release|Any CPU.Build.0 = Release|Any CPU
	EndGlobalSection
	GlobalSection(SolutionProperties) = preSolution
		HideSolutionNode = FALSE
	EndGlobalSection
	GlobalSection(NestedProjects) = preSolution
		{9ED0A504-C4D1-4E4D-9F29-E81158C42109} = {D4A1E0AD-0FC2-4834-8A01-F2287F625E89}
		{939C0453-90D1-4237-ACC3-F7B045EE396B} = {9ED0A504-C4D1-4E4D-9F29-E81158C42109}
		{8D7EA745-68B9-4A68-8110-B2B3DA3F4766} = {9ED0A504-C4D1-4E4D-9F29-E81158C42109}
		{997C1E63-3D47-48CF-AB89-AA874A2E79D1} = {9ED0A504-C4D1-4E4D-9F29-E81158C42109}
		{621F50BF-B721-4874-A4DE-8CFC5227375C} = {9ED0A504-C4D1-4E4D-9F29-E81158C42109}
		{ADA5E46D-974B-43D9-8AA1-DA545C49CA97} = {BCBE424C-37F0-4823-8E46-56D1A8127AAD}
		{8DFDB2B4-D5FB-4346-8DBC-0CEF79FB081C} = {ADA5E46D-974B-43D9-8AA1-DA545C49CA97}
		{623CC290-E68A-47CF-93CC-121B1D53F412} = {D4A1E0AD-0FC2-4834-8A01-F2287F625E89}
		{8920B987-A2AB-4D61-AF41-89737DA1EB7F} = {D4A1E0AD-0FC2-4834-8A01-F2287F625E89}
		{49AFBBCE-4EC4-4129-8D95-0C1E0BD3E65B} = {9ED0A504-C4D1-4E4D-9F29-E81158C42109}
		{B8EDEF5C-BBDF-4691-BDFC-32AB19F59E35} = {D4A1E0AD-0FC2-4834-8A01-F2287F625E89}
		{68BEE6D5-501D-4D23-8A4B-E53B97973FCA} = {D4A1E0AD-0FC2-4834-8A01-F2287F625E89}
		{B9C4612C-3060-4E0B-9974-857E9F5C7C91} = {9ED0A504-C4D1-4E4D-9F29-E81158C42109}
		{49250277-2EDB-485B-9F99-2BAF6ED75535} = {BCBE424C-37F0-4823-8E46-56D1A8127AAD}
		{ED01BE0F-F5F2-4AE8-B4AE-7C159886CF43} = {BCBE424C-37F0-4823-8E46-56D1A8127AAD}
		{642FA889-FE3A-466E-9320-6F553BC0E7F4} = {BCBE424C-37F0-4823-8E46-56D1A8127AAD}
		{FF67E2D7-6216-4972-8E2F-511EB7020B24} = {68BEE6D5-501D-4D23-8A4B-E53B97973FCA}
		{D3913BC8-FE11-4625-98D4-6FE90941E745} = {68BEE6D5-501D-4D23-8A4B-E53B97973FCA}
		{3364BBBD-DDF5-44AF-B964-6E12FEACE33B} = {68BEE6D5-501D-4D23-8A4B-E53B97973FCA}
		{AC59B6EF-D1A5-41C4-A50F-0FAE847DD8A2} = {68BEE6D5-501D-4D23-8A4B-E53B97973FCA}
		{F8824436-639F-49FD-ABEE-1DA1AFABDC2F} = {68BEE6D5-501D-4D23-8A4B-E53B97973FCA}
		{CD26E336-8B2D-4264-B3AF-18819269A583} = {B8EDEF5C-BBDF-4691-BDFC-32AB19F59E35}
		{8626913F-1579-4F4A-A573-2DAEA51E3743} = {B8EDEF5C-BBDF-4691-BDFC-32AB19F59E35}
		{61B01B9B-B962-49AF-A3CC-6D217824FA9D} = {B8EDEF5C-BBDF-4691-BDFC-32AB19F59E35}
		{168A462C-04DA-43C7-96E4-7E24B233B217} = {B8EDEF5C-BBDF-4691-BDFC-32AB19F59E35}
		{9FBB9C94-7559-4E79-9CAE-75DF761EA150} = {B8EDEF5C-BBDF-4691-BDFC-32AB19F59E35}
		{8A0C0F32-EDAD-47A2-B626-E190B7D8D4EE} = {8920B987-A2AB-4D61-AF41-89737DA1EB7F}
		{F0E76730-C925-4FBD-8EC9-089915C36FF8} = {8920B987-A2AB-4D61-AF41-89737DA1EB7F}
		{534D8D9B-AA8F-40B1-8144-A321FA3DD368} = {8920B987-A2AB-4D61-AF41-89737DA1EB7F}
		{7A4AF144-05CA-4803-BF11-BA139A4716C8} = {8920B987-A2AB-4D61-AF41-89737DA1EB7F}
		{B754FE8E-A64A-40E8-AC68-4EB833A0E2D9} = {8920B987-A2AB-4D61-AF41-89737DA1EB7F}
		{D8EBCE39-EC78-401E-83D1-68BC1E0AA31E} = {49250277-2EDB-485B-9F99-2BAF6ED75535}
		{238759D7-712B-4FD5-9826-703AE70527EF} = {642FA889-FE3A-466E-9320-6F553BC0E7F4}
		{CF478C07-3E50-4761-8581-E8CB0F012FAD} = {ED01BE0F-F5F2-4AE8-B4AE-7C159886CF43}
		{5335A938-CB1D-4F4C-9B25-67F90EEB8811} = {D4A1E0AD-0FC2-4834-8A01-F2287F625E89}
		{D2A6695C-CF59-4204-992B-33C2ED31B046} = {D4A1E0AD-0FC2-4834-8A01-F2287F625E89}
		{778B2E57-7383-4349-B886-C6E7FD57C4C3} = {BCBE424C-37F0-4823-8E46-56D1A8127AAD}
		{4E00A242-873B-4C61-B235-0AD6128A9642} = {D4A1E0AD-0FC2-4834-8A01-F2287F625E89}
		{73385C3F-2D94-411B-BDCC-74B051182B73} = {4E00A242-873B-4C61-B235-0AD6128A9642}
		{E949C99E-EC04-404C-B5E7-492090127BCB} = {4E00A242-873B-4C61-B235-0AD6128A9642}
		{C58AA160-F314-44C5-B19A-3818562583DA} = {4E00A242-873B-4C61-B235-0AD6128A9642}
		{A888D422-EFAB-4D2E-8CC0-70C1EECDE0FD} = {4E00A242-873B-4C61-B235-0AD6128A9642}
		{F3921D2B-B9E2-4DA6-80C4-BE3E37D018EB} = {4E00A242-873B-4C61-B235-0AD6128A9642}
		{D1D7A54F-D5AE-433B-A656-5F579DE74FD3} = {D4A1E0AD-0FC2-4834-8A01-F2287F625E89}
		{4C73BE9A-1F40-4054-90DC-D9A6920DA931} = {D1D7A54F-D5AE-433B-A656-5F579DE74FD3}
		{CE6A1F3E-DE4C-4CC5-9B5C-213174F66881} = {D1D7A54F-D5AE-433B-A656-5F579DE74FD3}
		{F658EC19-D771-4D65-83EB-8EA94EBA5DD8} = {D1D7A54F-D5AE-433B-A656-5F579DE74FD3}
		{84DF629D-9DE3-45AA-8414-1DDCBDDC82EF} = {D1D7A54F-D5AE-433B-A656-5F579DE74FD3}
		{055B49C9-C539-4490-9C0A-5D9B33F29587} = {BCBE424C-37F0-4823-8E46-56D1A8127AAD}
		{8EB5FF67-A3B1-4A74-A4EB-CF02F8DAF1FC} = {055B49C9-C539-4490-9C0A-5D9B33F29587}
		{564FE912-5327-43ED-B9BB-D299B2A40696} = {BCBE424C-37F0-4823-8E46-56D1A8127AAD}
		{38818442-8974-4344-A5FD-09FF234A0932} = {564FE912-5327-43ED-B9BB-D299B2A40696}
		{2C66BFCA-A1B3-4D29-B326-A11A7C971C6C} = {D1D7A54F-D5AE-433B-A656-5F579DE74FD3}
		{961E2560-E8A9-4A4A-9F7A-4852DE837817} = {4E00A242-873B-4C61-B235-0AD6128A9642}
	EndGlobalSection
	GlobalSection(ExtensibilityGlobals) = postSolution
		SolutionGuid = {1BE8DF91-CA6F-41B9-B2AD-DFED2D2EFA50}
	EndGlobalSection
EndGlobal
